
Microsoft Visual Studio Solution File, Format Version 12.00
# Visual Studio Version 16
VisualStudioVersion = 16.0.32106.194
MinimumVisualStudioVersion = 10.0.40219.1
Project("{9A19103F-16F7-4668-BE54-9A1E7A4F7556}") = "SIF", "SIF\SIF.csproj", "{BC1A74FD-A168-48E0-8E99-A1D17C54DF84}"
EndProject
Project("{2150E333-8FDC-42A3-9474-1A3956D46DE8}") = "1. Presentacion", "1. Presentacion", "{32287188-8B43-4253-81C6-C5233D314CE4}"
EndProject
Project("{2150E333-8FDC-42A3-9474-1A3956D46DE8}") = "3. Dominio", "3. Dominio", "{00F6DA45-8561-442D-95E0-5638083A1BA4}"
EndProject
Project("{2150E333-8FDC-42A3-9474-1A3956D46DE8}") = "3. Infraestructura", "3. Infraestructura", "{69817D21-E477-4F7A-ABEC-5E057FAC4C72}"
EndProject
Project("{9A19103F-16F7-4668-BE54-9A1E7A4F7556}") = "Domino.Entidades", "Entidades\Domino.Entidades.csproj", "{3341CA5F-EED2-4EA8-A8A6-9D7AF7C43B5F}"
EndProject
Project("{9A19103F-16F7-4668-BE54-9A1E7A4F7556}") = "Infraestructura.AccesoDatos", "Infraestructura.AccesoDatos\Infraestructura.AccesoDatos.csproj", "{E5369981-901F-47AC-B41E-F3E3F5FAA91D}"
EndProject
Project("{9A19103F-16F7-4668-BE54-9A1E7A4F7556}") = "Dominio.Contratos", "Dominio.Contratos\Dominio.Contratos.csproj", "{E9F6A336-E2DF-4CCC-8716-E5BF853A0CC9}"
EndProject
Project("{9A19103F-16F7-4668-BE54-9A1E7A4F7556}") = "Aplicacion.EntidadesDto", "Dominio.EntidadesDto\Aplicacion.EntidadesDto.csproj", "{6CE40F81-6865-4BC0-9307-CE2E673D6866}"
EndProject
Project("{9A19103F-16F7-4668-BE54-9A1E7A4F7556}") = "Aplicacion.Mapa", "Dominio.Mapa\Aplicacion.Mapa.csproj", "{E979E493-A842-4652-AA6E-2A9D9FE1D38F}"
EndProject
Project("{9A19103F-16F7-4668-BE54-9A1E7A4F7556}") = "Domino.ReglaNegocio", "Domino.ReglaNegocio\Domino.ReglaNegocio.csproj", "{62079924-A2E8-4796-9479-9B01EFE8B220}"
EndProject
Project("{9A19103F-16F7-4668-BE54-9A1E7A4F7556}") = "Infraestructura.IOC", "Infraestructura.IOC\Infraestructura.IOC.csproj", "{C43A4E2B-F830-4EBA-BCC5-276365724448}"
EndProject
Project("{9A19103F-16F7-4668-BE54-9A1E7A4F7556}") = "Infraestructura.Repositorios", "Infraestructura.Repositorios\Infraestructura.Repositorios.csproj", "{B9599784-5E9A-447B-AB0B-964C50B59FF7}"
EndProject
Project("{9A19103F-16F7-4668-BE54-9A1E7A4F7556}") = "Infraestructura.Transversal", "Infraestructura.Transversal\Infraestructura.Transversal.csproj", "{50D34975-DE1B-4B54-B6D1-293FD0E87D73}"
EndProject
Project("{9A19103F-16F7-4668-BE54-9A1E7A4F7556}") = "Infraestructura.UoW", "Infraestructura.UoW\Infraestructura.UoW.csproj", "{775DA01A-BF4F-4F96-B179-EE70C558F9BF}"
EndProject
Project("{9A19103F-16F7-4668-BE54-9A1E7A4F7556}") = "Infraestructura.Servicios", "Infraestructura.Servicios\Infraestructura.Servicios.csproj", "{12371B92-F16A-4ACF-9591-147DDC231430}"
EndProject
Project("{2150E333-8FDC-42A3-9474-1A3956D46DE8}") = "2. Aplicacion", "2. Aplicacion", "{A0C367CE-C6A2-4656-891A-385CA20E0A50}"
EndProject
Project("{9A19103F-16F7-4668-BE54-9A1E7A4F7556}") = "Aplicacion.Servicios", "Aplicacion.Servicios\Aplicacion.Servicios.csproj", "{4F35177C-9D39-4E3C-BE80-6070DF153849}"
EndProject
Project("{FAE04EC0-301F-11D3-BF4B-00C04F79EFBC}") = "Aplicacion.Contrato", "Aplicacion.Contrato\Aplicacion.Contrato.csproj", "{444D3C62-78C1-401F-9447-C2B73089EA88}"
EndProject
Global
	GlobalSection(SolutionConfigurationPlatforms) = preSolution
		Debug|Any CPU = Debug|Any CPU
		Release|Any CPU = Release|Any CPU
	EndGlobalSection
	GlobalSection(ProjectConfigurationPlatforms) = postSolution
		{BC1A74FD-A168-48E0-8E99-A1D17C54DF84}.Debug|Any CPU.ActiveCfg = Debug|Any CPU
		{BC1A74FD-A168-48E0-8E99-A1D17C54DF84}.Debug|Any CPU.Build.0 = Debug|Any CPU
		{BC1A74FD-A168-48E0-8E99-A1D17C54DF84}.Release|Any CPU.ActiveCfg = Release|Any CPU
		{BC1A74FD-A168-48E0-8E99-A1D17C54DF84}.Release|Any CPU.Build.0 = Release|Any CPU
		{3341CA5F-EED2-4EA8-A8A6-9D7AF7C43B5F}.Debug|Any CPU.ActiveCfg = Debug|Any CPU
		{3341CA5F-EED2-4EA8-A8A6-9D7AF7C43B5F}.Debug|Any CPU.Build.0 = Debug|Any CPU
		{3341CA5F-EED2-4EA8-A8A6-9D7AF7C43B5F}.Release|Any CPU.ActiveCfg = Release|Any CPU
		{3341CA5F-EED2-4EA8-A8A6-9D7AF7C43B5F}.Release|Any CPU.Build.0 = Release|Any CPU
		{E5369981-901F-47AC-B41E-F3E3F5FAA91D}.Debug|Any CPU.ActiveCfg = Debug|Any CPU
		{E5369981-901F-47AC-B41E-F3E3F5FAA91D}.Debug|Any CPU.Build.0 = Debug|Any CPU
		{E5369981-901F-47AC-B41E-F3E3F5FAA91D}.Release|Any CPU.ActiveCfg = Release|Any CPU
		{E5369981-901F-47AC-B41E-F3E3F5FAA91D}.Release|Any CPU.Build.0 = Release|Any CPU
		{E9F6A336-E2DF-4CCC-8716-E5BF853A0CC9}.Debug|Any CPU.ActiveCfg = Debug|Any CPU
		{E9F6A336-E2DF-4CCC-8716-E5BF853A0CC9}.Debug|Any CPU.Build.0 = Debug|Any CPU
		{E9F6A336-E2DF-4CCC-8716-E5BF853A0CC9}.Release|Any CPU.ActiveCfg = Release|Any CPU
		{E9F6A336-E2DF-4CCC-8716-E5BF853A0CC9}.Release|Any CPU.Build.0 = Release|Any CPU
		{6CE40F81-6865-4BC0-9307-CE2E673D6866}.Debug|Any CPU.ActiveCfg = Debug|Any CPU
		{6CE40F81-6865-4BC0-9307-CE2E673D6866}.Debug|Any CPU.Build.0 = Debug|Any CPU
		{6CE40F81-6865-4BC0-9307-CE2E673D6866}.Release|Any CPU.ActiveCfg = Release|Any CPU
		{6CE40F81-6865-4BC0-9307-CE2E673D6866}.Release|Any CPU.Build.0 = Release|Any CPU
		{E979E493-A842-4652-AA6E-2A9D9FE1D38F}.Debug|Any CPU.ActiveCfg = Debug|Any CPU
		{E979E493-A842-4652-AA6E-2A9D9FE1D38F}.Debug|Any CPU.Build.0 = Debug|Any CPU
		{E979E493-A842-4652-AA6E-2A9D9FE1D38F}.Release|Any CPU.ActiveCfg = Release|Any CPU
		{E979E493-A842-4652-AA6E-2A9D9FE1D38F}.Release|Any CPU.Build.0 = Release|Any CPU
		{62079924-A2E8-4796-9479-9B01EFE8B220}.Debug|Any CPU.ActiveCfg = Debug|Any CPU
		{62079924-A2E8-4796-9479-9B01EFE8B220}.Debug|Any CPU.Build.0 = Debug|Any CPU
		{62079924-A2E8-4796-9479-9B01EFE8B220}.Release|Any CPU.ActiveCfg = Release|Any CPU
		{62079924-A2E8-4796-9479-9B01EFE8B220}.Release|Any CPU.Build.0 = Release|Any CPU
		{C43A4E2B-F830-4EBA-BCC5-276365724448}.Debug|Any CPU.ActiveCfg = Debug|Any CPU
		{C43A4E2B-F830-4EBA-BCC5-276365724448}.Debug|Any CPU.Build.0 = Debug|Any CPU
		{C43A4E2B-F830-4EBA-BCC5-276365724448}.Release|Any CPU.ActiveCfg = Release|Any CPU
		{C43A4E2B-F830-4EBA-BCC5-276365724448}.Release|Any CPU.Build.0 = Release|Any CPU
		{B9599784-5E9A-447B-AB0B-964C50B59FF7}.Debug|Any CPU.ActiveCfg = Debug|Any CPU
		{B9599784-5E9A-447B-AB0B-964C50B59FF7}.Debug|Any CPU.Build.0 = Debug|Any CPU
		{B9599784-5E9A-447B-AB0B-964C50B59FF7}.Release|Any CPU.ActiveCfg = Release|Any CPU
		{B9599784-5E9A-447B-AB0B-964C50B59FF7}.Release|Any CPU.Build.0 = Release|Any CPU
		{50D34975-DE1B-4B54-B6D1-293FD0E87D73}.Debug|Any CPU.ActiveCfg = Debug|Any CPU
		{50D34975-DE1B-4B54-B6D1-293FD0E87D73}.Debug|Any CPU.Build.0 = Debug|Any CPU
		{50D34975-DE1B-4B54-B6D1-293FD0E87D73}.Release|Any CPU.ActiveCfg = Release|Any CPU
		{50D34975-DE1B-4B54-B6D1-293FD0E87D73}.Release|Any CPU.Build.0 = Release|Any CPU
		{775DA01A-BF4F-4F96-B179-EE70C558F9BF}.Debug|Any CPU.ActiveCfg = Debug|Any CPU
		{775DA01A-BF4F-4F96-B179-EE70C558F9BF}.Debug|Any CPU.Build.0 = Debug|Any CPU
		{775DA01A-BF4F-4F96-B179-EE70C558F9BF}.Release|Any CPU.ActiveCfg = Release|Any CPU
		{775DA01A-BF4F-4F96-B179-EE70C558F9BF}.Release|Any CPU.Build.0 = Release|Any CPU
		{12371B92-F16A-4ACF-9591-147DDC231430}.Debug|Any CPU.ActiveCfg = Debug|Any CPU
		{12371B92-F16A-4ACF-9591-147DDC231430}.Debug|Any CPU.Build.0 = Debug|Any CPU
		{12371B92-F16A-4ACF-9591-147DDC231430}.Release|Any CPU.ActiveCfg = Release|Any CPU
		{12371B92-F16A-4ACF-9591-147DDC231430}.Release|Any CPU.Build.0 = Release|Any CPU
		{4F35177C-9D39-4E3C-BE80-6070DF153849}.Debug|Any CPU.ActiveCfg = Debug|Any CPU
		{4F35177C-9D39-4E3C-BE80-6070DF153849}.Debug|Any CPU.Build.0 = Debug|Any CPU
		{4F35177C-9D39-4E3C-BE80-6070DF153849}.Release|Any CPU.ActiveCfg = Release|Any CPU
		{4F35177C-9D39-4E3C-BE80-6070DF153849}.Release|Any CPU.Build.0 = Release|Any CPU
		{444D3C62-78C1-401F-9447-C2B73089EA88}.Debug|Any CPU.ActiveCfg = Debug|Any CPU
		{444D3C62-78C1-401F-9447-C2B73089EA88}.Debug|Any CPU.Build.0 = Debug|Any CPU
		{444D3C62-78C1-401F-9447-C2B73089EA88}.Release|Any CPU.ActiveCfg = Release|Any CPU
		{444D3C62-78C1-401F-9447-C2B73089EA88}.Release|Any CPU.Build.0 = Release|Any CPU
	EndGlobalSection
	GlobalSection(SolutionProperties) = preSolution
		HideSolutionNode = FALSE
	EndGlobalSection
	GlobalSection(NestedProjects) = preSolution
		{BC1A74FD-A168-48E0-8E99-A1D17C54DF84} = {32287188-8B43-4253-81C6-C5233D314CE4}
		{3341CA5F-EED2-4EA8-A8A6-9D7AF7C43B5F} = {00F6DA45-8561-442D-95E0-5638083A1BA4}
		{E5369981-901F-47AC-B41E-F3E3F5FAA91D} = {69817D21-E477-4F7A-ABEC-5E057FAC4C72}
		{E9F6A336-E2DF-4CCC-8716-E5BF853A0CC9} = {00F6DA45-8561-442D-95E0-5638083A1BA4}
		{6CE40F81-6865-4BC0-9307-CE2E673D6866} = {A0C367CE-C6A2-4656-891A-385CA20E0A50}
		{E979E493-A842-4652-AA6E-2A9D9FE1D38F} = {A0C367CE-C6A2-4656-891A-385CA20E0A50}
		{62079924-A2E8-4796-9479-9B01EFE8B220} = {00F6DA45-8561-442D-95E0-5638083A1BA4}
		{C43A4E2B-F830-4EBA-BCC5-276365724448} = {69817D21-E477-4F7A-ABEC-5E057FAC4C72}
		{B9599784-5E9A-447B-AB0B-964C50B59FF7} = {69817D21-E477-4F7A-ABEC-5E057FAC4C72}
		{50D34975-DE1B-4B54-B6D1-293FD0E87D73} = {69817D21-E477-4F7A-ABEC-5E057FAC4C72}
		{775DA01A-BF4F-4F96-B179-EE70C558F9BF} = {69817D21-E477-4F7A-ABEC-5E057FAC4C72}
		{12371B92-F16A-4ACF-9591-147DDC231430} = {69817D21-E477-4F7A-ABEC-5E057FAC4C72}
		{4F35177C-9D39-4E3C-BE80-6070DF153849} = {A0C367CE-C6A2-4656-891A-385CA20E0A50}
		{444D3C62-78C1-401F-9447-C2B73089EA88} = {A0C367CE-C6A2-4656-891A-385CA20E0A50}
	EndGlobalSection
	GlobalSection(ExtensibilityGlobals) = postSolution
		SolutionGuid = {1F860EF5-5755-42C0-B52B-1168837F6638}
	EndGlobalSection
EndGlobal
